PODS:
  - FSnapChatLoading (1.0.5)
  - RxCocoa (5.1.1):
    - RxRelay (~> 5)
    - RxSwift (~> 5)
  - RxRelay (5.1.1):
    - RxSwift (~> 5)
  - RxSwift (5.1.2)
  - SDWebImage (5.10.4):
    - SDWebImage/Core (= 5.10.4)
  - SDWebImage/Core (5.10.4)

DEPENDENCIES:
  - FSnapChatLoading
  - RxCocoa (~> 5)
  - RxSwift (~> 5)
  - SDWebImage

SPEC REPOS:
  trunk:
    - FSnapChatLoading
    - RxCocoa
    - RxRelay
    - RxSwift
    - SDWebImage

SPEC CHECKSUMS:
  FSnapChatLoading: c06f4e0a4a4ec1eba8f2fef46f8c1653cc79b2ef
  RxCocoa: 32065309a38d29b5b0db858819b5bf9ef038b601
  RxRelay: d77f7d771495f43c556cbc43eebd1bb54d01e8e9
  RxSwift: 1e2e1f9570186967f617e49128ed26ccf1bafc8e
  SDWebImage: c666b97e1fa9c64b4909816a903322018f0a9c84

PODFILE CHECKSUM: b678dfc8d2ffaff8bd3ee048dc09aa5200bb9c69

COCOAPODS: 1.10.1
